
Microsoft Visual Studio Solution File, Format Version 12.00
# Visual Studio Version 16
VisualStudioVersion = 16.6.30114.105
MinimumVisualStudioVersion = 10.0.40219.1
Project("{9A19103F-16F7-4668-BE54-9A1E7A4F7556}") = "R5T.T0032.X0001.Construction", "R5T.T0032.X0001.Construction\R5T.T0032.X0001.Construction.csproj", "{0F15C910-4883-4C88-8A8B-5BF4F79A6041}"
EndProject
Project("{2150E333-8FDC-42A3-9474-1A3956D46DE8}") = "_Dependencies", "_Dependencies", "{C524687C-F58C-419B-9F4F-A88AB088AE0A}"
EndProject
Project("{9A19103F-16F7-4668-BE54-9A1E7A4F7556}") = "R5T.T0032", "..\..\R5T.T0032\source\R5T.T0032\R5T.T0032.csproj", "{C97F0024-B080-4887-8BE7-B3E5A83A4CAF}"
EndProject
Project("{FAE04EC0-301F-11D3-BF4B-00C04F79EFBC}") = "R5T.T0032.X0001.X001", "R5T.T0032.X0001.X001\R5T.T0032.X0001.X001.csproj", "{5E53D2FC-4AB0-45DE-941F-9123D82FAF32}"
EndProject
Project("{FAE04EC0-301F-11D3-BF4B-00C04F79EFBC}") = "R5T.T0032.X0001.X002", "R5T.T0032.X0001.X002\R5T.T0032.X0001.X002.csproj", "{1E3E9E6D-8ED7-4F6F-91B2-E900FCA56C6D}"
EndProject
Global
	GlobalSection(SolutionConfigurationPlatforms) = preSolution
		Debug|Any CPU = Debug|Any CPU
		Debug|x64 = Debug|x64
		Debug|x86 = Debug|x86
		Release|Any CPU = Release|Any CPU
		Release|x64 = Release|x64
		Release|x86 = Release|x86
	EndGlobalSection
	GlobalSection(ProjectConfigurationPlatforms) = postSolution
		{0F15C910-4883-4C88-8A8B-5BF4F79A6041}.Debug|Any CPU.ActiveCfg = Debug|Any CPU
		{0F15C910-4883-4C88-8A8B-5BF4F79A6041}.Debug|Any CPU.Build.0 = Debug|Any CPU
		{0F15C910-4883-4C88-8A8B-5BF4F79A6041}.Debug|x64.ActiveCfg = Debug|Any CPU
		{0F15C910-4883-4C88-8A8B-5BF4F79A6041}.Debug|x64.Build.0 = Debug|Any CPU
		{0F15C910-4883-4C88-8A8B-5BF4F79A6041}.Debug|x86.ActiveCfg = Debug|Any CPU
		{0F15C910-4883-4C88-8A8B-5BF4F79A6041}.Debug|x86.Build.0 = Debug|Any CPU
		{0F15C910-4883-4C88-8A8B-5BF4F79A6041}.Release|Any CPU.ActiveCfg = Release|Any CPU
		{0F15C910-4883-4C88-8A8B-5BF4F79A6041}.Release|Any CPU.Build.0 = Release|Any CPU
		{0F15C910-4883-4C88-8A8B-5BF4F79A6041}.Release|x64.ActiveCfg = Release|Any CPU
		{0F15C910-4883-4C88-8A8B-5BF4F79A6041}.Release|x64.Build.0 = Release|Any CPU
		{0F15C910-4883-4C88-8A8B-5BF4F79A6041}.Release|x86.ActiveCfg = Release|Any CPU
		{0F15C910-4883-4C88-8A8B-5BF4F79A6041}.Release|x86.Build.0 = Release|Any CPU
		{C97F0024-B080-4887-8BE7-B3E5A83A4CAF}.Debug|Any CPU.ActiveCfg = Debug|Any CPU
		{C97F0024-B080-4887-8BE7-B3E5A83A4CAF}.Debug|Any CPU.Build.0 = Debug|Any CPU
		{C97F0024-B080-4887-8BE7-B3E5A83A4CAF}.Debug|x64.ActiveCfg = Debug|Any CPU
		{C97F0024-B080-4887-8BE7-B3E5A83A4CAF}.Debug|x64.Build.0 = Debug|Any CPU
		{C97F0024-B080-4887-8BE7-B3E5A83A4CAF}.Debug|x86.ActiveCfg = Debug|Any CPU
		{C97F0024-B080-4887-8BE7-B3E5A83A4CAF}.Debug|x86.Build.0 = Debug|Any CPU
		{C97F0024-B080-4887-8BE7-B3E5A83A4CAF}.Release|Any CPU.ActiveCfg = Release|Any CPU
		{C97F0024-B080-4887-8BE7-B3E5A83A4CAF}.Release|Any CPU.Build.0 = Release|Any CPU
		{C97F0024-B080-4887-8BE7-B3E5A83A4CAF}.Release|x64.ActiveCfg = Release|Any CPU
		{C97F0024-B080-4887-8BE7-B3E5A83A4CAF}.Release|x64.Build.0 = Release|Any CPU
		{C97F0024-B080-4887-8BE7-B3E5A83A4CAF}.Release|x86.ActiveCfg = Release|Any CPU
		{C97F0024-B080-4887-8BE7-B3E5A83A4CAF}.Release|x86.Build.0 = Release|Any CPU
		{5E53D2FC-4AB0-45DE-941F-9123D82FAF32}.Debug|Any CPU.ActiveCfg = Debug|Any CPU
		{5E53D2FC-4AB0-45DE-941F-9123D82FAF32}.Debug|Any CPU.Build.0 = Debug|Any CPU
		{5E53D2FC-4AB0-45DE-941F-9123D82FAF32}.Debug|x64.ActiveCfg = Debug|Any CPU
		{5E53D2FC-4AB0-45DE-941F-9123D82FAF32}.Debug|x64.Build.0 = Debug|Any CPU
		{5E53D2FC-4AB0-45DE-941F-9123D82FAF32}.Debug|x86.ActiveCfg = Debug|Any CPU
		{5E53D2FC-4AB0-45DE-941F-9123D82FAF32}.Debug|x86.Build.0 = Debug|Any CPU
		{5E53D2FC-4AB0-45DE-941F-9123D82FAF32}.Release|Any CPU.ActiveCfg = Release|Any CPU
		{5E53D2FC-4AB0-45DE-941F-9123D82FAF32}.Release|Any CPU.Build.0 = Release|Any CPU
		{5E53D2FC-4AB0-45DE-941F-9123D82FAF32}.Release|x64.ActiveCfg = Release|Any CPU
		{5E53D2FC-4AB0-45DE-941F-9123D82FAF32}.Release|x64.Build.0 = Release|Any CPU
		{5E53D2FC-4AB0-45DE-941F-9123D82FAF32}.Release|x86.ActiveCfg = Release|Any CPU
		{5E53D2FC-4AB0-45DE-941F-9123D82FAF32}.Release|x86.Build.0 = Release|Any CPU
		{1E3E9E6D-8ED7-4F6F-91B2-E900FCA56C6D}.Debug|Any CPU.ActiveCfg = Debug|Any CPU
		{1E3E9E6D-8ED7-4F6F-91B2-E900FCA56C6D}.Debug|Any CPU.Build.0 = Debug|Any CPU
		{1E3E9E6D-8ED7-4F6F-91B2-E900FCA56C6D}.Debug|x64.ActiveCfg = Debug|Any CPU
		{1E3E9E6D-8ED7-4F6F-91B2-E900FCA56C6D}.Debug|x64.Build.0 = Debug|Any CPU
		{1E3E9E6D-8ED7-4F6F-91B2-E900FCA56C6D}.Debug|x86.ActiveCfg = Debug|Any CPU
		{1E3E9E6D-8ED7-4F6F-91B2-E900FCA56C6D}.Debug|x86.Build.0 = Debug|Any CPU
		{1E3E9E6D-8ED7-4F6F-91B2-E900FCA56C6D}.Release|Any CPU.ActiveCfg = Release|Any CPU
		{1E3E9E6D-8ED7-4F6F-91B2-E900FCA56C6D}.Release|Any CPU.Build.0 = Release|Any CPU
		{1E3E9E6D-8ED7-4F6F-91B2-E900FCA56C6D}.Release|x64.ActiveCfg = Release|Any CPU
		{1E3E9E6D-8ED7-4F6F-91B2-E900FCA56C6D}.Release|x64.Build.0 = Release|Any CPU
		{1E3E9E6D-8ED7-4F6F-91B2-E900FCA56C6D}.Release|x86.ActiveCfg = Release|Any CPU
		{1E3E9E6D-8ED7-4F6F-91B2-E900FCA56C6D}.Release|x86.Build.0 = Release|Any CPU
	EndGlobalSection
	GlobalSection(SolutionProperties) = preSolution
		HideSolutionNode = FALSE
	EndGlobalSection
	GlobalSection(NestedProjects) = preSolution
		{C97F0024-B080-4887-8BE7-B3E5A83A4CAF} = {C524687C-F58C-419B-9F4F-A88AB088AE0A}
	EndGlobalSection
	GlobalSection(ExtensibilityGlobals) = postSolution
		SolutionGuid = {68923359-45A7-4CC5-A5C7-1C287D4E1432}
	EndGlobalSection
EndGlobal
